
Microsoft Visual Studio Solution File, Format Version 12.00
# Visual Studio Version 17
VisualStudioVersion = 17.0.31919.166
MinimumVisualStudioVersion = 10.0.40219.1
Project("{FAE04EC0-301F-11D3-BF4B-00C04F79EFBC}") = "SignalR_Apps", "SignalR_Apps\SignalR_Apps.csproj", "{1D36B1F7-B709-494E-B6C6-143D2643FF04}"
EndProject
Global
	GlobalSection(SolutionConfigurationPlatforms) = preSolution
		Debug|Any CPU = Debug|Any CPU
		Release|Any CPU = Release|Any CPU
	EndGlobalSection
	GlobalSection(ProjectConfigurationPlatforms) = postSolution
		{1D36B1F7-B709-494E-B6C6-143D2643FF04}.Debug|Any CPU.ActiveCfg = Debug|Any CPU
		{1D36B1F7-B709-494E-B6C6-143D2643FF04}.Debug|Any CPU.Build.0 = Debug|Any CPU
		{1D36B1F7-B709-494E-B6C6-143D2643FF04}.Release|Any CPU.ActiveCfg = Release|Any CPU
		{1D36B1F7-B709-494E-B6C6-143D2643FF04}.Release|Any CPU.Build.0 = Release|Any CPU
	EndGlobalSection
	GlobalSection(SolutionProperties) = preSolution
		HideSolutionNode = FALSE
	EndGlobalSection
	GlobalSection(ExtensibilityGlobals) = postSolution
		SolutionGuid = {00F4C641-B3F9-41C0-8FB9-E6A64C17E54B}
	EndGlobalSection
EndGlobal
